
Microsoft Visual Studio Solution File, Format Version 12.00
# Visual Studio Version 16
VisualStudioVersion = 16.0.32002.261
MinimumVisualStudioVersion = 10.0.40219.1
Project("{FAE04EC0-301F-11D3-BF4B-00C04F79EFBC}") = "LocNotEx", "LocNotEx\LocNotEx.csproj", "{FACB3B99-0583-4892-A9D8-A71019E77C42}"
EndProject
Global
	GlobalSection(SolutionConfigurationPlatforms) = preSolution
		Debug|Any CPU = Debug|Any CPU
		Release|Any CPU = Release|Any CPU
	EndGlobalSection
	GlobalSection(ProjectConfigurationPlatforms) = postSolution
		{FACB3B99-0583-4892-A9D8-A71019E77C42}.Debug|Any CPU.ActiveCfg = Debug|Any CPU
		{FACB3B99-0583-4892-A9D8-A71019E77C42}.Debug|Any CPU.Build.0 = Debug|Any CPU
		{FACB3B99-0583-4892-A9D8-A71019E77C42}.Debug|Any CPU.Deploy.0 = Debug|Any CPU
		{FACB3B99-0583-4892-A9D8-A71019E77C42}.Release|Any CPU.ActiveCfg = Release|Any CPU
		{FACB3B99-0583-4892-A9D8-A71019E77C42}.Release|Any CPU.Build.0 = Release|Any CPU
		{FACB3B99-0583-4892-A9D8-A71019E77C42}.Release|Any CPU.Deploy.0 = Release|Any CPU
	EndGlobalSection
	GlobalSection(SolutionProperties) = preSolution
		HideSolutionNode = FALSE
	EndGlobalSection
	GlobalSection(ExtensibilityGlobals) = postSolution
		SolutionGuid = {5D716F38-191B-4CEB-B92F-9D4E185D69A1}
	EndGlobalSection
EndGlobal
